
Microsoft Visual Studio Solution File, Format Version 12.00
# Visual Studio Version 17
VisualStudioVersion = 17.7.34031.279
MinimumVisualStudioVersion = 10.0.40219.1
Project("{FAE04EC0-301F-11D3-BF4B-00C04F79EFBC}") = "Project", "Project\Project.csproj", "{F2EA11F4-517E-4FD2-B702-F8A7E5C4CC92}"
EndProject
Global
	GlobalSection(SolutionConfigurationPlatforms) = preSolution
		Debug|Any CPU = Debug|Any CPU
		Release|Any CPU = Release|Any CPU
	EndGlobalSection
	GlobalSection(ProjectConfigurationPlatforms) = postSolution
		{F2EA11F4-517E-4FD2-B702-F8A7E5C4CC92}.Debug|Any CPU.ActiveCfg = Debug|Any CPU
		{F2EA11F4-517E-4FD2-B702-F8A7E5C4CC92}.Debug|Any CPU.Build.0 = Debug|Any CPU
		{F2EA11F4-517E-4FD2-B702-F8A7E5C4CC92}.Release|Any CPU.ActiveCfg = Release|Any CPU
		{F2EA11F4-517E-4FD2-B702-F8A7E5C4CC92}.Release|Any CPU.Build.0 = Release|Any CPU
	EndGlobalSection
	GlobalSection(SolutionProperties) = preSolution
		HideSolutionNode = FALSE
	EndGlobalSection
	GlobalSection(ExtensibilityGlobals) = postSolution
		SolutionGuid = {5C222AE7-93B2-4852-865E-8B12740BD7E2}
	EndGlobalSection
EndGlobal
